PODS:
  - Capacitor (7.6.0):
    - CapacitorCordova
  - CapacitorCommunitySqlite (7.0.3):
    - Capacitor
    - SQLCipher
    - ZIPFoundation
  - CapacitorCordova (7.6.0)
  - CapacitorFilesystem (7.1.8):
    - Capacitor
    - IONFilesystemLib (~> 1.1.1)
  - IONFilesystemLib (1.1.2)
  - SQLCipher (4.10.0):
    - SQLCipher/standard (= 4.10.0)
  - SQLCipher/common (4.10.0)
  - SQLCipher/standard (4.10.0):
    - SQLCipher/common
  - ZIPFoundation (0.9.20)

DEPENDENCIES:
  - "Capacitor (from `../../../../node_modules/.bun/@capacitor+ios@7.6.0+49675fcae9c66213/node_modules/@capacitor/ios`)"
  - "CapacitorCommunitySqlite (from `../../../../node_modules/.bun/@capacitor-community+sqlite@7.0.3+49675fcae9c66213/node_modules/@capacitor-community/sqlite`)"
  - "CapacitorCordova (from `../../../../node_modules/.bun/@capacitor+ios@7.6.0+49675fcae9c66213/node_modules/@capacitor/ios`)"
  - "CapacitorFilesystem (from `../../../../node_modules/.bun/@capacitor+filesystem@7.1.8+49675fcae9c66213/node_modules/@capacitor/filesystem`)"

SPEC REPOS:
  trunk:
    - IONFilesystemLib
    - SQLCipher
    - ZIPFoundation

EXTERNAL SOURCES:
  Capacitor:
    :path: "../../../../node_modules/.bun/@capacitor+ios@7.6.0+49675fcae9c66213/node_modules/@capacitor/ios"
  CapacitorCommunitySqlite:
    :path: "../../../../node_modules/.bun/@capacitor-community+sqlite@7.0.3+49675fcae9c66213/node_modules/@capacitor-community/sqlite"
  CapacitorCordova:
    :path: "../../../../node_modules/.bun/@capacitor+ios@7.6.0+49675fcae9c66213/node_modules/@capacitor/ios"
  CapacitorFilesystem:
    :path: "../../../../node_modules/.bun/@capacitor+filesystem@7.1.8+49675fcae9c66213/node_modules/@capacitor/filesystem"

SPEC CHECKSUMS:
  Capacitor: 6e644e9e3369368ac601c77a0fad57f34b78aaa6
  CapacitorCommunitySqlite: 4813d82ad33001e612a39d313cb5d28066cbafda
  CapacitorCordova: f163aa2e84b79efc54d6a75b305bc7e05fb80c5d
  CapacitorFilesystem: c63fc54df41e5a6761785a7f3c49dc696c22e296
  IONFilesystemLib: 21a63377696b2d8fab5632ecfb7d2ac67bddb68a
  SQLCipher: eb79c64049cb002b4e9fcb30edb7979bf4706dfc
  ZIPFoundation: dfd3d681c4053ff7e2f7350bc4e53b5dba3f5351

PODFILE CHECKSUM: 26978dacf67f6f24e2b381a9bb74f44795416916

COCOAPODS: 1.16.2
